
Microsoft Visual Studio Solution File, Format Version 12.00
# Visual Studio 15
VisualStudioVersion = 15.0.28307.271
MinimumVisualStudioVersion = 10.0.40219.1
Project("{FAE04EC0-301F-11D3-BF4B-00C04F79EFBC}") = "UnlockDelay", "UnlockDelay\UnlockDelay.csproj", "{1602F0B2-4B09-4F26-BE1B-FABDBCF52A6B}"
EndProject
Global
	GlobalSection(SolutionConfigurationPlatforms) = preSolution
		Debug|Any CPU = Debug|Any CPU
		Release|Any CPU = Release|Any CPU
	EndGlobalSection
	GlobalSection(ProjectConfigurationPlatforms) = postSolution
		{1602F0B2-4B09-4F26-BE1B-FABDBCF52A6B}.Debug|Any CPU.ActiveCfg = Release|Any CPU
		{1602F0B2-4B09-4F26-BE1B-FABDBCF52A6B}.Debug|Any CPU.Build.0 = Release|Any CPU
		{1602F0B2-4B09-4F26-BE1B-FABDBCF52A6B}.Release|Any CPU.ActiveCfg = Release|Any CPU
		{1602F0B2-4B09-4F26-BE1B-FABDBCF52A6B}.Release|Any CPU.Build.0 = Release|Any CPU
	EndGlobalSection
	GlobalSection(SolutionProperties) = preSolution
		HideSolutionNode = FALSE
	EndGlobalSection
	GlobalSection(ExtensibilityGlobals) = postSolution
		SolutionGuid = {76AE5F52-8B7A-4281-AA76-5D519FD2EC36}
	EndGlobalSection
EndGlobal
